# This file is automatically @generated by Cargo.
# It is not intended for manual editing.
version = 4

[[package]]
name = "flexaudio"
version = "0.2.0"

[[package]]
name = "flexaudio-core"
version = "0.2.0"

[[package]]
name = "flexaudio-ffi"
version = "0.2.0"

[[package]]
name = "flexaudio-mic"
version = "0.2.0"

[[package]]
name = "flexaudio-os-linux"
version = "0.2.0"

[[package]]
name = "flexaudio-os-macos"
version = "0.2.0"

[[package]]
name = "flexaudio-os-windows"
version = "0.2.0"

[[package]]
name = "flexaudio-vad"
version = "0.2.0"

[[package]]
name = "pyflexaudio"
version = "0.2.0"
